
Microsoft Visual Studio Solution File, Format Version 12.00
Project("{2150E333-8FDC-42A3-9474-1A3956D46DE8}") = "tests", "tests", "{777D6C1F-8FBF-4AE5-8C94-E6911980C3A9}"
EndProject
Project("{2150E333-8FDC-42A3-9474-1A3956D46DE8}") = "src", "src", "{D5CD651F-0092-45DE-8BE7-1FFD0B82E57F}"
EndProject
Project("{FAE04EC0-301F-11D3-BF4B-00C04F79EFBC}") = "Ufynd.Api", "Ufynd.Api\Ufynd.Api.csproj", "{51FDB368-F677-4DBC-AB5D-0EA1228D73A9}"
EndProject
Project("{2150E333-8FDC-42A3-9474-1A3956D46DE8}") = "Services", "Services", "{7E67E758-BFFA-4F6B-BA91-0B5ED57DA407}"
EndProject
Project("{2150E333-8FDC-42A3-9474-1A3956D46DE8}") = "Components", "Components", "{A72107CA-7069-48F3-A485-46E94F2EF879}"
EndProject
Project("{FAE04EC0-301F-11D3-BF4B-00C04F79EFBC}") = "Ufynd.Infrastructure", "Ufynd.Infrastructure\Ufynd.Infrastructure.csproj", "{4238D7A8-6BB1-4040-99C0-FB5E2BA6A980}"
EndProject
Project("{2150E333-8FDC-42A3-9474-1A3956D46DE8}") = "Shared", "Shared", "{E4566546-B079-4F6F-9176-A5F8AD71D168}"
EndProject
Project("{FAE04EC0-301F-11D3-BF4B-00C04F79EFBC}") = "Ufynd.Data", "Ufynd.Data\Ufynd.Data.csproj", "{D72100EF-7B39-4598-A41F-8FE941C3F53B}"
EndProject
Project("{2150E333-8FDC-42A3-9474-1A3956D46DE8}") = "Components", "Components", "{8D6268DE-8730-4C34-8284-3DC3B363594D}"
EndProject
Project("{FAE04EC0-301F-11D3-BF4B-00C04F79EFBC}") = "Ufynd.Infrastructure.Tests", "Ufynd.Infrastructure.Tests\Ufynd.Infrastructure.Tests.csproj", "{A8BCA44A-FEC7-4072-9E88-6673FF819A66}"
EndProject
Global
	GlobalSection(SolutionConfigurationPlatforms) = preSolution
		Debug|Any CPU = Debug|Any CPU
		Release|Any CPU = Release|Any CPU
	EndGlobalSection
	GlobalSection(NestedProjects) = preSolution
		{7E67E758-BFFA-4F6B-BA91-0B5ED57DA407} = {D5CD651F-0092-45DE-8BE7-1FFD0B82E57F}
		{51FDB368-F677-4DBC-AB5D-0EA1228D73A9} = {7E67E758-BFFA-4F6B-BA91-0B5ED57DA407}
		{A72107CA-7069-48F3-A485-46E94F2EF879} = {D5CD651F-0092-45DE-8BE7-1FFD0B82E57F}
		{4238D7A8-6BB1-4040-99C0-FB5E2BA6A980} = {A72107CA-7069-48F3-A485-46E94F2EF879}
		{E4566546-B079-4F6F-9176-A5F8AD71D168} = {D5CD651F-0092-45DE-8BE7-1FFD0B82E57F}
		{D72100EF-7B39-4598-A41F-8FE941C3F53B} = {E4566546-B079-4F6F-9176-A5F8AD71D168}
		{8D6268DE-8730-4C34-8284-3DC3B363594D} = {777D6C1F-8FBF-4AE5-8C94-E6911980C3A9}
		{A8BCA44A-FEC7-4072-9E88-6673FF819A66} = {8D6268DE-8730-4C34-8284-3DC3B363594D}
	EndGlobalSection
	GlobalSection(ProjectConfigurationPlatforms) = postSolution
		{51FDB368-F677-4DBC-AB5D-0EA1228D73A9}.Debug|Any CPU.ActiveCfg = Debug|Any CPU
		{51FDB368-F677-4DBC-AB5D-0EA1228D73A9}.Debug|Any CPU.Build.0 = Debug|Any CPU
		{51FDB368-F677-4DBC-AB5D-0EA1228D73A9}.Release|Any CPU.ActiveCfg = Release|Any CPU
		{51FDB368-F677-4DBC-AB5D-0EA1228D73A9}.Release|Any CPU.Build.0 = Release|Any CPU
		{4238D7A8-6BB1-4040-99C0-FB5E2BA6A980}.Debug|Any CPU.ActiveCfg = Debug|Any CPU
		{4238D7A8-6BB1-4040-99C0-FB5E2BA6A980}.Debug|Any CPU.Build.0 = Debug|Any CPU
		{4238D7A8-6BB1-4040-99C0-FB5E2BA6A980}.Release|Any CPU.ActiveCfg = Release|Any CPU
		{4238D7A8-6BB1-4040-99C0-FB5E2BA6A980}.Release|Any CPU.Build.0 = Release|Any CPU
		{D72100EF-7B39-4598-A41F-8FE941C3F53B}.Debug|Any CPU.ActiveCfg = Debug|Any CPU
		{D72100EF-7B39-4598-A41F-8FE941C3F53B}.Debug|Any CPU.Build.0 = Debug|Any CPU
		{D72100EF-7B39-4598-A41F-8FE941C3F53B}.Release|Any CPU.ActiveCfg = Release|Any CPU
		{D72100EF-7B39-4598-A41F-8FE941C3F53B}.Release|Any CPU.Build.0 = Release|Any CPU
		{A8BCA44A-FEC7-4072-9E88-6673FF819A66}.Debug|Any CPU.ActiveCfg = Debug|Any CPU
		{A8BCA44A-FEC7-4072-9E88-6673FF819A66}.Debug|Any CPU.Build.0 = Debug|Any CPU
		{A8BCA44A-FEC7-4072-9E88-6673FF819A66}.Release|Any CPU.ActiveCfg = Release|Any CPU
		{A8BCA44A-FEC7-4072-9E88-6673FF819A66}.Release|Any CPU.Build.0 = Release|Any CPU
	EndGlobalSection
EndGlobal
